
Microsoft Visual Studio Solution File, Format Version 12.00
# Visual Studio 15
VisualStudioVersion = 15.0.28307.902
MinimumVisualStudioVersion = 10.0.40219.1
Project("{FAE04EC0-301F-11D3-BF4B-00C04F79EFBC}") = "partnumberchecker", "partnumberchecker\partnumberchecker.csproj", "{DEEC1FC6-13FE-4608-906F-3C244E7AAB1C}"
EndProject
Global
	GlobalSection(SolutionConfigurationPlatforms) = preSolution
		Debug|Any CPU = Debug|Any CPU
		Release|Any CPU = Release|Any CPU
	EndGlobalSection
	GlobalSection(ProjectConfigurationPlatforms) = postSolution
		{DEEC1FC6-13FE-4608-906F-3C244E7AAB1C}.Debug|Any CPU.ActiveCfg = Debug|Any CPU
		{DEEC1FC6-13FE-4608-906F-3C244E7AAB1C}.Debug|Any CPU.Build.0 = Debug|Any CPU
		{DEEC1FC6-13FE-4608-906F-3C244E7AAB1C}.Release|Any CPU.ActiveCfg = Release|Any CPU
		{DEEC1FC6-13FE-4608-906F-3C244E7AAB1C}.Release|Any CPU.Build.0 = Release|Any CPU
	EndGlobalSection
	GlobalSection(SolutionProperties) = preSolution
		HideSolutionNode = FALSE
	EndGlobalSection
	GlobalSection(ExtensibilityGlobals) = postSolution
		SolutionGuid = {DB567181-2747-4833-9F43-395CC430DAC7}
	EndGlobalSection
EndGlobal
